{
  "object": {
    "pins": [
      {
        "package": "FoundationEncore",
        "repositoryURL": "https://github.com/rythmico/FoundationEncore",
        "state": {
          "branch": "main",
          "revision": "344fd70a7852d2541377c534f2d20980b70f2b97",
          "version": null
        }
      },
      {
        "package": "LegibleError",
        "repositoryURL": "https://github.com/mxcl/LegibleError",
        "state": {
          "branch": null,
          "revision": "bc596702d7ff618c3f90ba480eeb48b3e83a2fbe",
          "version": "1.0.6"
        }
      },
      {
        "package": "PeriodDuration",
        "repositoryURL": "https://github.com/davdroman/PeriodDuration",
        "state": {
          "branch": null,
          "revision": "aea7a11d0fc773854fcde8b48ed6803bcb3270d6",
          "version": "0.4.0"
        }
      },
      {
        "package": "PreciseDecimal",
        "repositoryURL": "https://github.com/davdroman/PreciseDecimal",
        "state": {
          "branch": null,
          "revision": "a15081386a21414f445a0d14ffcfebd8df3c6da3",
          "version": "1.0.0"
        }
      },
      {
        "package": "swift-algorithms",
        "repositoryURL": "https://github.com/apple/swift-algorithms",
        "state": {
          "branch": null,
          "revision": "2327673b0e9c7e90e6b1826376526ec3627210e4",
          "version": "0.2.1"
        }
      },
      {
        "package": "swift-case-paths",
        "repositoryURL": "https://github.com/pointfreeco/swift-case-paths",
        "state": {
          "branch": null,
          "revision": "d226d167bd4a68b51e352af5655c92bce8ee0463",
          "version": "0.7.0"
        }
      },
      {
        "package": "swift-custom-dump",
        "repositoryURL": "https://github.com/pointfreeco/swift-custom-dump",
        "state": {
          "branch": null,
          "revision": "21f8fdbb3226e5e28a1a2fffac3e0f3deec34bf0",
          "version": "0.2.1"
        }
      },
      {
        "package": "swift-nonempty",
        "repositoryURL": "https://github.com/pointfreeco/swift-nonempty",
        "state": {
          "branch": null,
          "revision": "8074e5f2e4a6de5a42476e545cc33438021aa2a4",
          "version": "0.4.0"
        }
      },
      {
        "package": "swift-numerics",
        "repositoryURL": "https://github.com/apple/swift-numerics",
        "state": {
          "branch": null,
          "revision": "6583ac70c326c3ee080c1d42d9ca3361dca816cd",
          "version": "0.1.0"
        }
      },
      {
        "package": "swift-tagged",
        "repositoryURL": "https://github.com/pointfreeco/swift-tagged",
        "state": {
          "branch": null,
          "revision": "6c36cf66f58553d0481a2628e3e27177f698a897",
          "version": "0.6.0"
        }
      },
      {
        "package": "Version",
        "repositoryURL": "https://github.com/mxcl/Version",
        "state": {
          "branch": null,
          "revision": "1fe824b80d89201652e7eca7c9252269a1d85e25",
          "version": "2.0.1"
        }
      },
      {
        "package": "xctest-dynamic-overlay",
        "repositoryURL": "https://github.com/pointfreeco/xctest-dynamic-overlay",
        "state": {
          "branch": null,
          "revision": "50a70a9d3583fe228ce672e8923010c8df2deddd",
          "version": "0.2.1"
        }
      },
      {
        "package": "XCTJSONKit",
        "repositoryURL": "https://github.com/davdroman/XCTJSONKit",
        "state": {
          "branch": "main",
          "revision": "7a75a3c9f08e89fae67b010602e9b31563515ea9",
          "version": null
        }
      }
    ]
  },
  "version": 1
}
